
Microsoft Visual Studio Solution File, Format Version 12.00
# Visual Studio 2015
Project("{FAE04EC0-301F-11D3-BF4B-00C04F79EFBC}") = "Lasergame.CSharp.Plugins", "Lasergame.CSharp.Plugins.csproj", "{66FE65EA-7CB1-59D6-20A2-1DF170977C73}"
EndProject
Project("{FAE04EC0-301F-11D3-BF4B-00C04F79EFBC}") = "Lasergame.CSharp", "Lasergame.CSharp.csproj", "{E1DCCC35-41E7-146F-04A8-9C9C9FF5F2EC}"
EndProject
Project("{FAE04EC0-301F-11D3-BF4B-00C04F79EFBC}") = "Lasergame.CSharp.Editor", "Lasergame.CSharp.Editor.csproj", "{961151AB-50B5-0CD5-F4C7-173086A9B556}"
EndProject
Global
	GlobalSection(SolutionConfigurationPlatforms) = preSolution
		Debug|Any CPU = Debug|Any CPU
		Release|Any CPU = Release|Any CPU
	EndGlobalSection
	GlobalSection(ProjectConfigurationPlatforms) = postSolution
		{66FE65EA-7CB1-59D6-20A2-1DF170977C73}.Debug|Any CPU.ActiveCfg = Debug|Any CPU
		{66FE65EA-7CB1-59D6-20A2-1DF170977C73}.Debug|Any CPU.Build.0 = Debug|Any CPU
		{66FE65EA-7CB1-59D6-20A2-1DF170977C73}.Release|Any CPU.ActiveCfg = Release|Any CPU
		{66FE65EA-7CB1-59D6-20A2-1DF170977C73}.Release|Any CPU.Build.0 = Release|Any CPU
		{E1DCCC35-41E7-146F-04A8-9C9C9FF5F2EC}.Debug|Any CPU.ActiveCfg = Debug|Any CPU
		{E1DCCC35-41E7-146F-04A8-9C9C9FF5F2EC}.Debug|Any CPU.Build.0 = Debug|Any CPU
		{E1DCCC35-41E7-146F-04A8-9C9C9FF5F2EC}.Release|Any CPU.ActiveCfg = Release|Any CPU
		{E1DCCC35-41E7-146F-04A8-9C9C9FF5F2EC}.Release|Any CPU.Build.0 = Release|Any CPU
		{961151AB-50B5-0CD5-F4C7-173086A9B556}.Debug|Any CPU.ActiveCfg = Debug|Any CPU
		{961151AB-50B5-0CD5-F4C7-173086A9B556}.Debug|Any CPU.Build.0 = Debug|Any CPU
		{961151AB-50B5-0CD5-F4C7-173086A9B556}.Release|Any CPU.ActiveCfg = Release|Any CPU
		{961151AB-50B5-0CD5-F4C7-173086A9B556}.Release|Any CPU.Build.0 = Release|Any CPU
	EndGlobalSection
	GlobalSection(SolutionProperties) = preSolution
		HideSolutionNode = FALSE
	EndGlobalSection
EndGlobal
